
Microsoft Visual Studio Solution File, Format Version 12.00
# Visual Studio Version 17
VisualStudioVersion = 17.10.35027.167
MinimumVisualStudioVersion = 10.0.40219.1
Project("{FAE04EC0-301F-11D3-BF4B-00C04F79EFBC}") = "TaskManagement.Infra", "TaskManagement.Infra\TaskManagement.Infra.csproj", "{EC8A3BF2-F35C-4DA2-94A6-7B0EAC4400EF}"
EndProject
Project("{FAE04EC0-301F-11D3-BF4B-00C04F79EFBC}") = "TaskManagement.Core", "TaskManagement.Core\TaskManagement.Core.csproj", "{F1ADD41C-4B10-47FE-AAEA-8939BE7AF10E}"
EndProject
Project("{FAE04EC0-301F-11D3-BF4B-00C04F79EFBC}") = "TaskManagement.Application", "TaskManagement.Application\TaskManagement.Application.csproj", "{4C768808-D7F4-4B85-A041-168FCDC56B7A}"
EndProject
Project("{FAE04EC0-301F-11D3-BF4B-00C04F79EFBC}") = "TaskManagement.API", "TaskManagement.API\TaskManagement.API.csproj", "{0ED32191-BC18-450A-A899-8678ED0B2BCB}"
EndProject
Project("{FAE04EC0-301F-11D3-BF4B-00C04F79EFBC}") = "TaskManagement.UI", "TaskManagement.UI\TaskManagement.UI.csproj", "{9C0B564D-642A-485A-8DF9-12A38459B992}"
EndProject
Global
	GlobalSection(SolutionConfigurationPlatforms) = preSolution
		Debug|Any CPU = Debug|Any CPU
		Release|Any CPU = Release|Any CPU
	EndGlobalSection
	GlobalSection(ProjectConfigurationPlatforms) = postSolution
		{EC8A3BF2-F35C-4DA2-94A6-7B0EAC4400EF}.Debug|Any CPU.ActiveCfg = Debug|Any CPU
		{EC8A3BF2-F35C-4DA2-94A6-7B0EAC4400EF}.Debug|Any CPU.Build.0 = Debug|Any CPU
		{EC8A3BF2-F35C-4DA2-94A6-7B0EAC4400EF}.Release|Any CPU.ActiveCfg = Release|Any CPU
		{EC8A3BF2-F35C-4DA2-94A6-7B0EAC4400EF}.Release|Any CPU.Build.0 = Release|Any CPU
		{F1ADD41C-4B10-47FE-AAEA-8939BE7AF10E}.Debug|Any CPU.ActiveCfg = Debug|Any CPU
		{F1ADD41C-4B10-47FE-AAEA-8939BE7AF10E}.Debug|Any CPU.Build.0 = Debug|Any CPU
		{F1ADD41C-4B10-47FE-AAEA-8939BE7AF10E}.Release|Any CPU.ActiveCfg = Release|Any CPU
		{F1ADD41C-4B10-47FE-AAEA-8939BE7AF10E}.Release|Any CPU.Build.0 = Release|Any CPU
		{4C768808-D7F4-4B85-A041-168FCDC56B7A}.Debug|Any CPU.ActiveCfg = Debug|Any CPU
		{4C768808-D7F4-4B85-A041-168FCDC56B7A}.Debug|Any CPU.Build.0 = Debug|Any CPU
		{4C768808-D7F4-4B85-A041-168FCDC56B7A}.Release|Any CPU.ActiveCfg = Release|Any CPU
		{4C768808-D7F4-4B85-A041-168FCDC56B7A}.Release|Any CPU.Build.0 = Release|Any CPU
		{0ED32191-BC18-450A-A899-8678ED0B2BCB}.Debug|Any CPU.ActiveCfg = Debug|Any CPU
		{0ED32191-BC18-450A-A899-8678ED0B2BCB}.Debug|Any CPU.Build.0 = Debug|Any CPU
		{0ED32191-BC18-450A-A899-8678ED0B2BCB}.Release|Any CPU.ActiveCfg = Release|Any CPU
		{0ED32191-BC18-450A-A899-8678ED0B2BCB}.Release|Any CPU.Build.0 = Release|Any CPU
		{9C0B564D-642A-485A-8DF9-12A38459B992}.Debug|Any CPU.ActiveCfg = Debug|Any CPU
		{9C0B564D-642A-485A-8DF9-12A38459B992}.Debug|Any CPU.Build.0 = Debug|Any CPU
		{9C0B564D-642A-485A-8DF9-12A38459B992}.Release|Any CPU.ActiveCfg = Release|Any CPU
		{9C0B564D-642A-485A-8DF9-12A38459B992}.Release|Any CPU.Build.0 = Release|Any CPU
	EndGlobalSection
	GlobalSection(SolutionProperties) = preSolution
		HideSolutionNode = FALSE
	EndGlobalSection
	GlobalSection(ExtensibilityGlobals) = postSolution
		SolutionGuid = {D80E3351-1480-4212-AFB6-24183819C538}
	EndGlobalSection
EndGlobal
